
Microsoft Visual Studio Solution File, Format Version 12.00
# Visual Studio Version 17
VisualStudioVersion = 17.8.34330.188
MinimumVisualStudioVersion = 10.0.40219.1
Project("{FAE04EC0-301F-11D3-BF4B-00C04F79EFBC}") = "HomestayBooking", "HomestayBooking.csproj", "{6EC5A39B-63FA-4B2F-A325-16893FA9ABE8}"
EndProject
Global
	GlobalSection(SolutionConfigurationPlatforms) = preSolution
		Debug|Any CPU = Debug|Any CPU
		Release|Any CPU = Release|Any CPU
	EndGlobalSection
	GlobalSection(ProjectConfigurationPlatforms) = postSolution
		{6EC5A39B-63FA-4B2F-A325-16893FA9ABE8}.Debug|Any CPU.ActiveCfg = Debug|Any CPU
		{6EC5A39B-63FA-4B2F-A325-16893FA9ABE8}.Debug|Any CPU.Build.0 = Debug|Any CPU
		{6EC5A39B-63FA-4B2F-A325-16893FA9ABE8}.Release|Any CPU.ActiveCfg = Release|Any CPU
		{6EC5A39B-63FA-4B2F-A325-16893FA9ABE8}.Release|Any CPU.Build.0 = Release|Any CPU
	EndGlobalSection
	GlobalSection(SolutionProperties) = preSolution
		HideSolutionNode = FALSE
	EndGlobalSection
	GlobalSection(ExtensibilityGlobals) = postSolution
		SolutionGuid = {C03E7358-F59B-4C44-834F-117A10FB57D9}
	EndGlobalSection
EndGlobal
